
Microsoft Visual Studio Solution File, Format Version 12.00
# Visual Studio Version 16
VisualStudioVersion = 16.0.33214.272
MinimumVisualStudioVersion = 10.0.40219.1
Project("{FAE04EC0-301F-11D3-BF4B-00C04F79EFBC}") = "ConsoleApp23", "ConsoleApp23\ConsoleApp23.csproj", "{78E1A969-87A7-45BC-BA45-FD110924E717}"
EndProject
Global
	GlobalSection(SolutionConfigurationPlatforms) = preSolution
		Debug|Any CPU = Debug|Any CPU
		Release|Any CPU = Release|Any CPU
	EndGlobalSection
	GlobalSection(ProjectConfigurationPlatforms) = postSolution
		{78E1A969-87A7-45BC-BA45-FD110924E717}.Debug|Any CPU.ActiveCfg = Debug|Any CPU
		{78E1A969-87A7-45BC-BA45-FD110924E717}.Debug|Any CPU.Build.0 = Debug|Any CPU
		{78E1A969-87A7-45BC-BA45-FD110924E717}.Release|Any CPU.ActiveCfg = Release|Any CPU
		{78E1A969-87A7-45BC-BA45-FD110924E717}.Release|Any CPU.Build.0 = Release|Any CPU
	EndGlobalSection
	GlobalSection(SolutionProperties) = preSolution
		HideSolutionNode = FALSE
	EndGlobalSection
	GlobalSection(ExtensibilityGlobals) = postSolution
		SolutionGuid = {6683F858-90C2-41BD-8E4B-9CF30562093C}
	EndGlobalSection
EndGlobal
